
Microsoft Visual Studio Solution File, Format Version 12.00
# Visual Studio Version 17
VisualStudioVersion = 17.3.32825.248
MinimumVisualStudioVersion = 10.0.40219.1
Project("{FAE04EC0-301F-11D3-BF4B-00C04F79EFBC}") = "Assignment3", "Assignment3.csproj", "{EA363262-AEF6-423E-B82C-E0DB7BD344E1}"
EndProject
Global
	GlobalSection(SolutionConfigurationPlatforms) = preSolution
		Debug|Any CPU = Debug|Any CPU
		Release|Any CPU = Release|Any CPU
	EndGlobalSection
	GlobalSection(ProjectConfigurationPlatforms) = postSolution
		{EA363262-AEF6-423E-B82C-E0DB7BD344E1}.Debug|Any CPU.ActiveCfg = Debug|Any CPU
		{EA363262-AEF6-423E-B82C-E0DB7BD344E1}.Debug|Any CPU.Build.0 = Debug|Any CPU
		{EA363262-AEF6-423E-B82C-E0DB7BD344E1}.Release|Any CPU.ActiveCfg = Release|Any CPU
		{EA363262-AEF6-423E-B82C-E0DB7BD344E1}.Release|Any CPU.Build.0 = Release|Any CPU
	EndGlobalSection
	GlobalSection(SolutionProperties) = preSolution
		HideSolutionNode = FALSE
	EndGlobalSection
	GlobalSection(ExtensibilityGlobals) = postSolution
		SolutionGuid = {D9A2C00B-889E-4C64-9F48-4FD8DB0F5084}
	EndGlobalSection
EndGlobal
