
Microsoft Visual Studio Solution File, Format Version 12.00
# Visual Studio Version 17
VisualStudioVersion = 17.1.32421.90
MinimumVisualStudioVersion = 10.0.40219.1
Project("{FAE04EC0-301F-11D3-BF4B-00C04F79EFBC}") = "Homework6", "Homework6.csproj", "{D4AD3660-D32C-43C0-9A23-07CF83CA3B71}"
EndProject
Global
	GlobalSection(SolutionConfigurationPlatforms) = preSolution
		Debug|Any CPU = Debug|Any CPU
		Release|Any CPU = Release|Any CPU
	EndGlobalSection
	GlobalSection(ProjectConfigurationPlatforms) = postSolution
		{D4AD3660-D32C-43C0-9A23-07CF83CA3B71}.Debug|Any CPU.ActiveCfg = Debug|Any CPU
		{D4AD3660-D32C-43C0-9A23-07CF83CA3B71}.Debug|Any CPU.Build.0 = Debug|Any CPU
		{D4AD3660-D32C-43C0-9A23-07CF83CA3B71}.Release|Any CPU.ActiveCfg = Release|Any CPU
		{D4AD3660-D32C-43C0-9A23-07CF83CA3B71}.Release|Any CPU.Build.0 = Release|Any CPU
	EndGlobalSection
	GlobalSection(SolutionProperties) = preSolution
		HideSolutionNode = FALSE
	EndGlobalSection
	GlobalSection(ExtensibilityGlobals) = postSolution
		SolutionGuid = {6CBF9E00-8799-4C3E-AC03-6F883775389E}
	EndGlobalSection
EndGlobal
