
Microsoft Visual Studio Solution File, Format Version 12.00
# Visual Studio Version 17
VisualStudioVersion = 17.1.32421.90
MinimumVisualStudioVersion = 10.0.40219.1
Project("{FAE04EC0-301F-11D3-BF4B-00C04F79EFBC}") = "Homework4", "Homework4.csproj", "{29FA1C4E-CD2D-45C6-B480-02DB33318E1F}"
EndProject
Global
	GlobalSection(SolutionConfigurationPlatforms) = preSolution
		Debug|Any CPU = Debug|Any CPU
		Release|Any CPU = Release|Any CPU
	EndGlobalSection
	GlobalSection(ProjectConfigurationPlatforms) = postSolution
		{29FA1C4E-CD2D-45C6-B480-02DB33318E1F}.Debug|Any CPU.ActiveCfg = Debug|Any CPU
		{29FA1C4E-CD2D-45C6-B480-02DB33318E1F}.Debug|Any CPU.Build.0 = Debug|Any CPU
		{29FA1C4E-CD2D-45C6-B480-02DB33318E1F}.Release|Any CPU.ActiveCfg = Release|Any CPU
		{29FA1C4E-CD2D-45C6-B480-02DB33318E1F}.Release|Any CPU.Build.0 = Release|Any CPU
	EndGlobalSection
	GlobalSection(SolutionProperties) = preSolution
		HideSolutionNode = FALSE
	EndGlobalSection
	GlobalSection(ExtensibilityGlobals) = postSolution
		SolutionGuid = {02C41A10-95F0-4743-8B47-B8216725F7AC}
	EndGlobalSection
EndGlobal
